
Microsoft Visual Studio Solution File, Format Version 12.00
# Visual Studio Version 17
VisualStudioVersion = 17.0.31903.59
MinimumVisualStudioVersion = 10.0.40219.1
Project("{2150E333-8FDC-42A3-9474-1A3956D46DE8}") = "src", "src", "{827E0CD3-B72D-47B6-A68D-7590B98EB39B}"
EndProject
Project("{FAE04EC0-301F-11D3-BF4B-00C04F79EFBC}") = "PushPopActor.Interfaces", "src\PushPopActor.Interfaces\PushPopActor.Interfaces.csproj", "{351B52E7-B037-41A7-A05C-C69C47FCA9E2}"
EndProject
Project("{FAE04EC0-301F-11D3-BF4B-00C04F79EFBC}") = "PushPopActor", "src\PushPopActor\PushPopActor.csproj", "{FFC2686A-696C-4637-B150-4E2D7A8D016A}"
EndProject
Project("{FAE04EC0-301F-11D3-BF4B-00C04F79EFBC}") = "PushPopActor.ApiServer", "src\PushPopActor.ApiServer\PushPopActor.ApiServer.csproj", "{CA74FA3C-A568-426C-A655-0D52F328319F}"
EndProject
Project("{2150E333-8FDC-42A3-9474-1A3956D46DE8}") = "tests", "tests", "{0AB3BF05-4346-4AA6-1389-037BE0695223}"
EndProject
Project("{FAE04EC0-301F-11D3-BF4B-00C04F79EFBC}") = "PushPopActor.Tests", "tests\PushPopActor.Tests\PushPopActor.Tests.csproj", "{207FFF06-7A28-438E-A85C-D185DA18C635}"
EndProject
Global
	GlobalSection(SolutionConfigurationPlatforms) = preSolution
		Debug|Any CPU = Debug|Any CPU
		Debug|x64 = Debug|x64
		Debug|x86 = Debug|x86
		Release|Any CPU = Release|Any CPU
		Release|x64 = Release|x64
		Release|x86 = Release|x86
	EndGlobalSection
	GlobalSection(ProjectConfigurationPlatforms) = postSolution
		{351B52E7-B037-41A7-A05C-C69C47FCA9E2}.Debug|Any CPU.ActiveCfg = Debug|Any CPU
		{351B52E7-B037-41A7-A05C-C69C47FCA9E2}.Debug|Any CPU.Build.0 = Debug|Any CPU
		{351B52E7-B037-41A7-A05C-C69C47FCA9E2}.Debug|x64.ActiveCfg = Debug|Any CPU
		{351B52E7-B037-41A7-A05C-C69C47FCA9E2}.Debug|x64.Build.0 = Debug|Any CPU
		{351B52E7-B037-41A7-A05C-C69C47FCA9E2}.Debug|x86.ActiveCfg = Debug|Any CPU
		{351B52E7-B037-41A7-A05C-C69C47FCA9E2}.Debug|x86.Build.0 = Debug|Any CPU
		{351B52E7-B037-41A7-A05C-C69C47FCA9E2}.Release|Any CPU.ActiveCfg = Release|Any CPU
		{351B52E7-B037-41A7-A05C-C69C47FCA9E2}.Release|Any CPU.Build.0 = Release|Any CPU
		{351B52E7-B037-41A7-A05C-C69C47FCA9E2}.Release|x64.ActiveCfg = Release|Any CPU
		{351B52E7-B037-41A7-A05C-C69C47FCA9E2}.Release|x64.Build.0 = Release|Any CPU
		{351B52E7-B037-41A7-A05C-C69C47FCA9E2}.Release|x86.ActiveCfg = Release|Any CPU
		{351B52E7-B037-41A7-A05C-C69C47FCA9E2}.Release|x86.Build.0 = Release|Any CPU
		{FFC2686A-696C-4637-B150-4E2D7A8D016A}.Debug|Any CPU.ActiveCfg = Debug|Any CPU
		{FFC2686A-696C-4637-B150-4E2D7A8D016A}.Debug|Any CPU.Build.0 = Debug|Any CPU
		{FFC2686A-696C-4637-B150-4E2D7A8D016A}.Debug|x64.ActiveCfg = Debug|Any CPU
		{FFC2686A-696C-4637-B150-4E2D7A8D016A}.Debug|x64.Build.0 = Debug|Any CPU
		{FFC2686A-696C-4637-B150-4E2D7A8D016A}.Debug|x86.ActiveCfg = Debug|Any CPU
		{FFC2686A-696C-4637-B150-4E2D7A8D016A}.Debug|x86.Build.0 = Debug|Any CPU
		{FFC2686A-696C-4637-B150-4E2D7A8D016A}.Release|Any CPU.ActiveCfg = Release|Any CPU
		{FFC2686A-696C-4637-B150-4E2D7A8D016A}.Release|Any CPU.Build.0 = Release|Any CPU
		{FFC2686A-696C-4637-B150-4E2D7A8D016A}.Release|x64.ActiveCfg = Release|Any CPU
		{FFC2686A-696C-4637-B150-4E2D7A8D016A}.Release|x64.Build.0 = Release|Any CPU
		{FFC2686A-696C-4637-B150-4E2D7A8D016A}.Release|x86.ActiveCfg = Release|Any CPU
		{FFC2686A-696C-4637-B150-4E2D7A8D016A}.Release|x86.Build.0 = Release|Any CPU
		{CA74FA3C-A568-426C-A655-0D52F328319F}.Debug|Any CPU.ActiveCfg = Debug|Any CPU
		{CA74FA3C-A568-426C-A655-0D52F328319F}.Debug|Any CPU.Build.0 = Debug|Any CPU
		{CA74FA3C-A568-426C-A655-0D52F328319F}.Debug|x64.ActiveCfg = Debug|Any CPU
		{CA74FA3C-A568-426C-A655-0D52F328319F}.Debug|x64.Build.0 = Debug|Any CPU
		{CA74FA3C-A568-426C-A655-0D52F328319F}.Debug|x86.ActiveCfg = Debug|Any CPU
		{CA74FA3C-A568-426C-A655-0D52F328319F}.Debug|x86.Build.0 = Debug|Any CPU
		{CA74FA3C-A568-426C-A655-0D52F328319F}.Release|Any CPU.ActiveCfg = Release|Any CPU
		{CA74FA3C-A568-426C-A655-0D52F328319F}.Release|Any CPU.Build.0 = Release|Any CPU
		{CA74FA3C-A568-426C-A655-0D52F328319F}.Release|x64.ActiveCfg = Release|Any CPU
		{CA74FA3C-A568-426C-A655-0D52F328319F}.Release|x64.Build.0 = Release|Any CPU
		{CA74FA3C-A568-426C-A655-0D52F328319F}.Release|x86.ActiveCfg = Release|Any CPU
		{CA74FA3C-A568-426C-A655-0D52F328319F}.Release|x86.Build.0 = Release|Any CPU
		{207FFF06-7A28-438E-A85C-D185DA18C635}.Debug|Any CPU.ActiveCfg = Debug|Any CPU
		{207FFF06-7A28-438E-A85C-D185DA18C635}.Debug|Any CPU.Build.0 = Debug|Any CPU
		{207FFF06-7A28-438E-A85C-D185DA18C635}.Debug|x64.ActiveCfg = Debug|Any CPU
		{207FFF06-7A28-438E-A85C-D185DA18C635}.Debug|x64.Build.0 = Debug|Any CPU
		{207FFF06-7A28-438E-A85C-D185DA18C635}.Debug|x86.ActiveCfg = Debug|Any CPU
		{207FFF06-7A28-438E-A85C-D185DA18C635}.Debug|x86.Build.0 = Debug|Any CPU
		{207FFF06-7A28-438E-A85C-D185DA18C635}.Release|Any CPU.ActiveCfg = Release|Any CPU
		{207FFF06-7A28-438E-A85C-D185DA18C635}.Release|Any CPU.Build.0 = Release|Any CPU
		{207FFF06-7A28-438E-A85C-D185DA18C635}.Release|x64.ActiveCfg = Release|Any CPU
		{207FFF06-7A28-438E-A85C-D185DA18C635}.Release|x64.Build.0 = Release|Any CPU
		{207FFF06-7A28-438E-A85C-D185DA18C635}.Release|x86.ActiveCfg = Release|Any CPU
		{207FFF06-7A28-438E-A85C-D185DA18C635}.Release|x86.Build.0 = Release|Any CPU
	EndGlobalSection
	GlobalSection(SolutionProperties) = preSolution
		HideSolutionNode = FALSE
	EndGlobalSection
	GlobalSection(NestedProjects) = preSolution
		{351B52E7-B037-41A7-A05C-C69C47FCA9E2} = {827E0CD3-B72D-47B6-A68D-7590B98EB39B}
		{FFC2686A-696C-4637-B150-4E2D7A8D016A} = {827E0CD3-B72D-47B6-A68D-7590B98EB39B}
		{CA74FA3C-A568-426C-A655-0D52F328319F} = {827E0CD3-B72D-47B6-A68D-7590B98EB39B}
		{207FFF06-7A28-438E-A85C-D185DA18C635} = {0AB3BF05-4346-4AA6-1389-037BE0695223}
	EndGlobalSection
EndGlobal
